// !$*UTF8*$!
{
	archiveVersion = 1;
	classes = {
	};
	objectVersion = 60;
	objects = {

/* Begin PBXBuildFile section */
		231409D94DC770C91BF47B93 /* CacaRadarWatch.app in Embed Watch Content */ = {isa = PBXBuildFile; fileRef = 88BDAFD8BA5D620DC4BF2992 /* CacaRadarWatch.app */; };
		231409DA4DC770C91BF47B94 /* AppIcon50x50@2x.png in Resources */ = {isa = PBXBuildFile; fileRef = 231409DB4DC770C91BF47B95 /* AppIcon50x50@2x.png */; };
		231409DC4DC770C91BF47B96 /* AppIcon24x24@2x.png in Resources */ = {isa = PBXBuildFile; fileRef = 231409DD4DC770C91BF47B97 /* AppIcon24x24@2x.png */; };
		231409DE4DC770C91BF47B98 /* AppIcon27.5x27.5@2x.png in Resources */ = {isa = PBXBuildFile; fileRef = 231409DF4DC770C91BF47B99 /* AppIcon27.5x27.5@2x.png */; };
		231409E04DC770C91BF47B9A /* AppIcon29x29@2x.png in Resources */ = {isa = PBXBuildFile; fileRef = 231409E14DC770C91BF47B9B /* AppIcon29x29@2x.png */; };
		231409E24DC770C91BF47B9C /* AppIcon29x29@3x.png in Resources */ = {isa = PBXBuildFile; fileRef = 231409E34DC770C91BF47B9D /* AppIcon29x29@3x.png */; };
		231409E44DC770C91BF47B9E /* AppIcon40x40@2x.png in Resources */ = {isa = PBXBuildFile; fileRef = 231409E54DC770C91BF47B9F /* AppIcon40x40@2x.png */; };
		231409E64DC770C91BF47BA0 /* AppIcon44x44@2x.png in Resources */ = {isa = PBXBuildFile; fileRef = 231409E74DC770C91BF47BA1 /* AppIcon44x44@2x.png */; };
		231409E84DC770C91BF47BA2 /* AppIcon54x54@2x.png in Resources */ = {isa = PBXBuildFile; fileRef = 231409E94DC770C91BF47BA3 /* AppIcon54x54@2x.png */; };
		231409EA4DC770C91BF47BA4 /* AppIcon86x86@2x.png in Resources */ = {isa = PBXBuildFile; fileRef = 231409EB4DC770C91BF47BA5 /* AppIcon86x86@2x.png */; };
		231409EC4DC770C91BF47BA6 /* AppIcon98x98@2x.png in Resources */ = {isa = PBXBuildFile; fileRef = 231409ED4DC770C91BF47BA7 /* AppIcon98x98@2x.png */; };
		231409EE4DC770C91BF47BA8 /* AppIcon108x108@2x.png in Resources */ = {isa = PBXBuildFile; fileRef = 231409EF4DC770C91BF47BA9 /* AppIcon108x108@2x.png */; };
		231409F04DC770C91BF47BAA /* AppIcon117x117@2x.png in Resources */ = {isa = PBXBuildFile; fileRef = 231409F14DC770C91BF47BAB /* AppIcon117x117@2x.png */; };
		231409F24DC770C91BF47BAC /* Assets.xcassets in Resources */ = {isa = PBXBuildFile; fileRef = 6BEE10022F10000100000002 /* Assets.xcassets */; };
		231409F34DC770C91BF47BAD /* long-look-44mm@2x.png in Resources */ = {isa = PBXBuildFile; fileRef = 231409F44DC770C91BF47BAE /* long-look-44mm@2x.png */; };
		2FAD9763203C412B000D30F8 /* AppDelegate.swift in Sources */ = {isa = PBXBuildFile; fileRef = 2FAD9762203C412B000D30F8 /* AppDelegate.swift */; };
		2FAD976B203C412C000D30F8 /* Assets.xcassets in Resources */ = {isa = PBXBuildFile; fileRef = 2FAD976A203C412C000D30F8 /* Assets.xcassets */; };
		2FAD976E203C412C000D30F8 /* LaunchScreen.storyboard in Resources */ = {isa = PBXBuildFile; fileRef = 2FAD976C203C412C000D30F8 /* LaunchScreen.storyboard */; };
		2FAE0001203C412B000D30F8 /* AppViewController.swift in Sources */ = {isa = PBXBuildFile; fileRef = 2FAE0000203C412B000D30F8 /* AppViewController.swift */; };
		311E6C059E59C76468481D94 /* CacaRadarWatchExtension.appex in Embed App Extensions */ = {isa = PBXBuildFile; fileRef = 8B288E948236DBD4B248629D /* CacaRadarWatchExtension.appex */; };
		61CF6CDA44C28DA3C7D83B66 /* PhoneSessionBridge.swift in Sources */ = {isa = PBXBuildFile; fileRef = 332843E21AA6BEAFEE513A3F /* PhoneSessionBridge.swift */; };
		6BEE10012F10000100000001 /* ExtensionDelegate.swift in Sources */ = {isa = PBXBuildFile; fileRef = 6BEE10002F10000100000001 /* ExtensionDelegate.swift */; };
		9319DEE89A4B12A4241B8D8E /* CacaRadarWatchApp.swift in Sources */ = {isa = PBXBuildFile; fileRef = D4092472EC576CA907A0C9D1 /* CacaRadarWatchApp.swift */; };
		A084ECDB28D212A400BDFBA6 /* Main.storyboard in Resources */ = {isa = PBXBuildFile; fileRef = A084ECDA28D212A400BDFBA6 /* Main.storyboard */; };
		B7C100012E00000100000001 /* WatchSessionCoordinator.swift in Sources */ = {isa = PBXBuildFile; fileRef = B7C100002E00000100000001 /* WatchSessionCoordinator.swift */; };
		CC0001012BBBBBBB00000001 /* CapApp-SPM in Frameworks */ = {isa = PBXBuildFile; productRef = CC0001002BBBBBBB00000001 /* CapApp-SPM */; };
		CC0001032BBBBBBB00000003 /* Capacitor in Frameworks */ = {isa = PBXBuildFile; productRef = CC0001022BBBBBBB00000002 /* Capacitor */; };
		CC0001052BBBBBBB00000005 /* Cordova in Frameworks */ = {isa = PBXBuildFile; productRef = CC0001042BBBBBBB00000004 /* Cordova */; };
		CC0001112AAAAAAA00000001 /* SceneDelegate.swift in Sources */ = {isa = PBXBuildFile; fileRef = CC0001102AAAAAAA00000001 /* SceneDelegate.swift */; };
		CC0001142AAAAAAA00000004 /* public in Resources */ = {isa = PBXBuildFile; fileRef = CC0001132AAAAAAA00000003 /* public */; };
		CC0001162AAAAAAA00000006 /* capacitor.config.json in Resources */ = {isa = PBXBuildFile; fileRef = CC0001152AAAAAAA00000005 /* capacitor.config.json */; };
		CC0001182AAAAAAA00000008 /* config.xml in Resources */ = {isa = PBXBuildFile; fileRef = CC0001172AAAAAAA00000007 /* config.xml */; };
		D467FC64D67A59DF22B8F3E7 /* ContentView.swift in Sources */ = {isa = PBXBuildFile; fileRef = AE7BD33839B596B8B49AA335 /* ContentView.swift */; };
/* End PBXBuildFile section */

/* Begin PBXContainerItemProxy section */
		56B71492B0A8F2FC01153713 /* PBXContainerItemProxy */ = {
			isa = PBXContainerItemProxy;
			containerPortal = 2FAD9757203C412B000D30F8 /* Project object */;
			proxyType = 1;
			remoteGlobalIDString = F74C7CAB89B47668E6F96E7C;
			remoteInfo = CacaRadarWatch;
		};
		AA6174DAA8D6138E2EBA735D /* PBXContainerItemProxy */ = {
			isa = PBXContainerItemProxy;
			containerPortal = 2FAD9757203C412B000D30F8 /* Project object */;
			proxyType = 1;
			remoteGlobalIDString = AA11AA155788C6E18A49E791;
			remoteInfo = CacaRadarWatchExtension;
		};
/* End PBXContainerItemProxy section */

/* Begin PBXCopyFilesBuildPhase section */
		4C1E885DAE9ED367C116ED9C /* Embed Watch Content */ = {
			isa = PBXCopyFilesBuildPhase;
			buildActionMask = 2147483647;
			dstPath = Watch;
			dstSubfolderSpec = 1;
			files = (
				231409D94DC770C91BF47B93 /* CacaRadarWatch.app in Embed Watch Content */,
			);
			name = "Embed Watch Content";
			runOnlyForDeploymentPostprocessing = 0;
		};
		A5E5EA40FA67EA75D14D275A /* Embed App Extensions */ = {
			isa = PBXCopyFilesBuildPhase;
			buildActionMask = 2147483647;
			dstPath = "";
			dstSubfolderSpec = 13;
			files = (
				311E6C059E59C76468481D94 /* CacaRadarWatchExtension.appex in Embed App Extensions */,
			);
			name = "Embed App Extensions";
			runOnlyForDeploymentPostprocessing = 0;
		};
/* End PBXCopyFilesBuildPhase section */

/* Begin PBXFileReference section */
		231409DB4DC770C91BF47B95 /* AppIcon50x50@2x.png */ = {isa = PBXFileReference; includeInIndex = 1; lastKnownFileType = image.png; path = "AppIcon50x50@2x.png"; sourceTree = "<group>"; };
		231409DD4DC770C91BF47B97 /* AppIcon24x24@2x.png */ = {isa = PBXFileReference; includeInIndex = 1; lastKnownFileType = image.png; path = "AppIcon24x24@2x.png"; sourceTree = "<group>"; };
		231409DF4DC770C91BF47B99 /* AppIcon27.5x27.5@2x.png */ = {isa = PBXFileReference; includeInIndex = 1; lastKnownFileType = image.png; path = "AppIcon27.5x27.5@2x.png"; sourceTree = "<group>"; };
		231409E14DC770C91BF47B9B /* AppIcon29x29@2x.png */ = {isa = PBXFileReference; includeInIndex = 1; lastKnownFileType = image.png; path = "AppIcon29x29@2x.png"; sourceTree = "<group>"; };
		231409E34DC770C91BF47B9D /* AppIcon29x29@3x.png */ = {isa = PBXFileReference; includeInIndex = 1; lastKnownFileType = image.png; path = "AppIcon29x29@3x.png"; sourceTree = "<group>"; };
		231409E54DC770C91BF47B9F /* AppIcon40x40@2x.png */ = {isa = PBXFileReference; includeInIndex = 1; lastKnownFileType = image.png; path = "AppIcon40x40@2x.png"; sourceTree = "<group>"; };
		231409E74DC770C91BF47BA1 /* AppIcon44x44@2x.png */ = {isa = PBXFileReference; includeInIndex = 1; lastKnownFileType = image.png; path = "AppIcon44x44@2x.png"; sourceTree = "<group>"; };
		231409E94DC770C91BF47BA3 /* AppIcon54x54@2x.png */ = {isa = PBXFileReference; includeInIndex = 1; lastKnownFileType = image.png; path = "AppIcon54x54@2x.png"; sourceTree = "<group>"; };
		231409EB4DC770C91BF47BA5 /* AppIcon86x86@2x.png */ = {isa = PBXFileReference; includeInIndex = 1; lastKnownFileType = image.png; path = "AppIcon86x86@2x.png"; sourceTree = "<group>"; };
		231409ED4DC770C91BF47BA7 /* AppIcon98x98@2x.png */ = {isa = PBXFileReference; includeInIndex = 1; lastKnownFileType = image.png; path = "AppIcon98x98@2x.png"; sourceTree = "<group>"; };
		231409EF4DC770C91BF47BA9 /* AppIcon108x108@2x.png */ = {isa = PBXFileReference; includeInIndex = 1; lastKnownFileType = image.png; path = "AppIcon108x108@2x.png"; sourceTree = "<group>"; };
		231409F14DC770C91BF47BAB /* AppIcon117x117@2x.png */ = {isa = PBXFileReference; includeInIndex = 1; lastKnownFileType = image.png; path = "AppIcon117x117@2x.png"; sourceTree = "<group>"; };
		231409F44DC770C91BF47BAE /* long-look-44mm@2x.png */ = {isa = PBXFileReference; includeInIndex = 1; lastKnownFileType = image.png; path = "long-look-44mm@2x.png"; sourceTree = "<group>"; };
		2FAD975F203C412B000D30F8 /* App.app */ = {isa = PBXFileReference; explicitFileType = wrapper.application; includeInIndex = 0; path = App.app; sourceTree = BUILT_PRODUCTS_DIR; };
		2FAD9762203C412B000D30F8 /* AppDelegate.swift */ = {isa = PBXFileReference; lastKnownFileType = sourcecode.swift; path = AppDelegate.swift; sourceTree = "<group>"; };
		2FAD976A203C412C000D30F8 /* Assets.xcassets */ = {isa = PBXFileReference; lastKnownFileType = folder.assetcatalog; path = Assets.xcassets; sourceTree = "<group>"; };
		2FAD976C203C412C000D30F8 /* LaunchScreen.storyboard */ = {isa = PBXFileReference; lastKnownFileType = file.storyboard; name = LaunchScreen.storyboard; path = Base.lproj/LaunchScreen.storyboard; sourceTree = "<group>"; };
		2FAD976F203C412C000D30F8 /* Info.plist */ = {isa = PBXFileReference; lastKnownFileType = text.plist.xml; path = Info.plist; sourceTree = "<group>"; };
		2FAD9776203C412C000D30F8 /* App.entitlements */ = {isa = PBXFileReference; lastKnownFileType = text.plist.entitlements; path = App.entitlements; sourceTree = "<group>"; };
		2FAE0000203C412B000D30F8 /* AppViewController.swift */ = {isa = PBXFileReference; lastKnownFileType = sourcecode.swift; path = AppViewController.swift; sourceTree = "<group>"; };
		332843E21AA6BEAFEE513A3F /* PhoneSessionBridge.swift */ = {isa = PBXFileReference; includeInIndex = 1; lastKnownFileType = sourcecode.swift; path = PhoneSessionBridge.swift; sourceTree = "<group>"; };
		6BEE10002F10000100000001 /* ExtensionDelegate.swift */ = {isa = PBXFileReference; includeInIndex = 1; lastKnownFileType = sourcecode.swift; path = ExtensionDelegate.swift; sourceTree = "<group>"; };
		6BEE10022F10000100000002 /* Assets.xcassets */ = {isa = PBXFileReference; includeInIndex = 1; lastKnownFileType = folder.assetcatalog; path = Assets.xcassets; sourceTree = "<group>"; };
		88BDAFD8BA5D620DC4BF2992 /* CacaRadarWatch.app */ = {isa = PBXFileReference; explicitFileType = wrapper.application; includeInIndex = 0; path = CacaRadarWatch.app; sourceTree = BUILT_PRODUCTS_DIR; };
		8B288E948236DBD4B248629D /* CacaRadarWatchExtension.appex */ = {isa = PBXFileReference; explicitFileType = "wrapper.app-extension"; includeInIndex = 0; path = CacaRadarWatchExtension.appex; sourceTree = BUILT_PRODUCTS_DIR; };
		8F90FF9D66A4560B8A51955A /* Extension-Info.plist */ = {isa = PBXFileReference; includeInIndex = 1; lastKnownFileType = text.plist.xml; path = "Extension-Info.plist"; sourceTree = "<group>"; };
		A084ECDA28D212A400BDFBA6 /* Main.storyboard */ = {isa = PBXFileReference; lastKnownFileType = file.storyboard; name = Main.storyboard; path = Base.lproj/Main.storyboard; sourceTree = "<group>"; };
		AE7BD33839B596B8B49AA335 /* ContentView.swift */ = {isa = PBXFileReference; includeInIndex = 1; lastKnownFileType = sourcecode.swift; path = ContentView.swift; sourceTree = "<group>"; };
		B7C100002E00000100000001 /* WatchSessionCoordinator.swift */ = {isa = PBXFileReference; lastKnownFileType = sourcecode.swift; path = WatchSessionCoordinator.swift; sourceTree = "<group>"; };
		CC0001102AAAAAAA00000001 /* SceneDelegate.swift */ = {isa = PBXFileReference; lastKnownFileType = sourcecode.swift; path = SceneDelegate.swift; sourceTree = "<group>"; };
		CC0001132AAAAAAA00000003 /* public */ = {isa = PBXFileReference; lastKnownFileType = folder; path = public; sourceTree = "<group>"; };
		CC0001152AAAAAAA00000005 /* capacitor.config.json */ = {isa = PBXFileReference; lastKnownFileType = text.json; path = capacitor.config.json; sourceTree = "<group>"; };
		CC0001172AAAAAAA00000007 /* config.xml */ = {isa = PBXFileReference; lastKnownFileType = text.xml; path = config.xml; sourceTree = "<group>"; };
		D4092472EC576CA907A0C9D1 /* CacaRadarWatchApp.swift */ = {isa = PBXFileReference; includeInIndex = 1; lastKnownFileType = sourcecode.swift; path = CacaRadarWatchApp.swift; sourceTree = "<group>"; };
		E432D8DE5ED77622C9879075 /* Info.plist */ = {isa = PBXFileReference; includeInIndex = 1; lastKnownFileType = text.plist.xml; path = Info.plist; sourceTree = "<group>"; };
/* End PBXFileReference section */

/* Begin PBXFrameworksBuildPhase section */
		2FAD975C203C412B000D30F8 /* Frameworks */ = {
			isa = PBXFrameworksBuildPhase;
			buildActionMask = 2147483647;
			files = (
				CC0001012BBBBBBB00000001 /* CapApp-SPM in Frameworks */,
				CC0001032BBBBBBB00000003 /* Capacitor in Frameworks */,
				CC0001052BBBBBBB00000005 /* Cordova in Frameworks */,
			);
			runOnlyForDeploymentPostprocessing = 0;
		};
		80B60C66E59E954A5F57D5A2 /* Frameworks */ = {
			isa = PBXFrameworksBuildPhase;
			buildActionMask = 2147483647;
			files = (
			);
			runOnlyForDeploymentPostprocessing = 0;
		};
		B36E96D8E4AD36F8E574477F /* Frameworks */ = {
			isa = PBXFrameworksBuildPhase;
			buildActionMask = 2147483647;
			files = (
			);
			runOnlyForDeploymentPostprocessing = 0;
		};
/* End PBXFrameworksBuildPhase section */

/* Begin PBXGroup section */
		2FAD9756203C412B000D30F8 = {
			isa = PBXGroup;
			children = (
				2FAD9761203C412B000D30F8 /* App */,
				2FAD9760203C412B000D30F8 /* Products */,
				F665A523355C06227679692E /* WatchCompanion */,
				8FF754614BF1FAAB08DE29B1 /* WatchCompanionApp */,
			);
			sourceTree = "<group>";
		};
		2FAD9760203C412B000D30F8 /* Products */ = {
			isa = PBXGroup;
			children = (
				2FAD975F203C412B000D30F8 /* App.app */,
				88BDAFD8BA5D620DC4BF2992 /* CacaRadarWatch.app */,
				8B288E948236DBD4B248629D /* CacaRadarWatchExtension.appex */,
			);
			name = Products;
			sourceTree = "<group>";
		};
		2FAD9761203C412B000D30F8 /* App */ = {
			isa = PBXGroup;
			children = (
				2FAD9762203C412B000D30F8 /* AppDelegate.swift */,
				2FAE0000203C412B000D30F8 /* AppViewController.swift */,
				B7C100002E00000100000001 /* WatchSessionCoordinator.swift */,
				CC0001102AAAAAAA00000001 /* SceneDelegate.swift */,
				A084ECDA28D212A400BDFBA6 /* Main.storyboard */,
				2FAD976A203C412C000D30F8 /* Assets.xcassets */,
				2FAD976C203C412C000D30F8 /* LaunchScreen.storyboard */,
				2FAD9776203C412C000D30F8 /* App.entitlements */,
				2FAD976F203C412C000D30F8 /* Info.plist */,
				CC0001132AAAAAAA00000003 /* public */,
				CC0001152AAAAAAA00000005 /* capacitor.config.json */,
				CC0001172AAAAAAA00000007 /* config.xml */,
			);
			path = App;
			sourceTree = "<group>";
		};
		8FF754614BF1FAAB08DE29B1 /* WatchCompanionApp */ = {
			isa = PBXGroup;
			children = (
				6BEE10022F10000100000002 /* Assets.xcassets */,
				231409F44DC770C91BF47BAE /* long-look-44mm@2x.png */,
				231409DD4DC770C91BF47B97 /* AppIcon24x24@2x.png */,
				231409DF4DC770C91BF47B99 /* AppIcon27.5x27.5@2x.png */,
				231409E14DC770C91BF47B9B /* AppIcon29x29@2x.png */,
				231409E34DC770C91BF47B9D /* AppIcon29x29@3x.png */,
				231409E54DC770C91BF47B9F /* AppIcon40x40@2x.png */,
				231409E74DC770C91BF47BA1 /* AppIcon44x44@2x.png */,
				231409DB4DC770C91BF47B95 /* AppIcon50x50@2x.png */,
				231409E94DC770C91BF47BA3 /* AppIcon54x54@2x.png */,
				231409EB4DC770C91BF47BA5 /* AppIcon86x86@2x.png */,
				231409ED4DC770C91BF47BA7 /* AppIcon98x98@2x.png */,
				231409EF4DC770C91BF47BA9 /* AppIcon108x108@2x.png */,
				231409F14DC770C91BF47BAB /* AppIcon117x117@2x.png */,
				E432D8DE5ED77622C9879075 /* Info.plist */,
				8F90FF9D66A4560B8A51955A /* Extension-Info.plist */,
			);
			name = WatchCompanionApp;
			path = ../WatchCompanionApp;
			sourceTree = "<group>";
		};
		F665A523355C06227679692E /* WatchCompanion */ = {
			isa = PBXGroup;
			children = (
				D4092472EC576CA907A0C9D1 /* CacaRadarWatchApp.swift */,
				AE7BD33839B596B8B49AA335 /* ContentView.swift */,
				332843E21AA6BEAFEE513A3F /* PhoneSessionBridge.swift */,
				6BEE10002F10000100000001 /* ExtensionDelegate.swift */,
			);
			name = WatchCompanion;
			path = ../WatchCompanion;
			sourceTree = "<group>";
		};
/* End PBXGroup section */

/* Begin PBXNativeTarget section */
		2FAD975E203C412B000D30F8 /* App */ = {
			isa = PBXNativeTarget;
			buildConfigurationList = 2FAD9773203C412C000D30F8 /* Build configuration list for PBXNativeTarget "App" */;
			buildPhases = (
				2FAD975B203C412B000D30F8 /* Sources */,
				2FAD975C203C412B000D30F8 /* Frameworks */,
				2FAD975D203C412B000D30F8 /* Resources */,
				4C1E885DAE9ED367C116ED9C /* Embed Watch Content */,
			);
			buildRules = (
			);
			dependencies = (
				34C623EE55C3D5D7FBE187E4 /* PBXTargetDependency */,
			);
			name = App;
			packageProductDependencies = (
				CC0001002BBBBBBB00000001 /* CapApp-SPM */,
				CC0001022BBBBBBB00000002 /* Capacitor */,
				CC0001042BBBBBBB00000004 /* Cordova */,
			);
			productName = App;
			productReference = 2FAD975F203C412B000D30F8 /* App.app */;
			productType = "com.apple.product-type.application";
		};
		AA11AA155788C6E18A49E791 /* CacaRadarWatchExtension */ = {
			isa = PBXNativeTarget;
			buildConfigurationList = 827025BD4967572047E5194F /* Build configuration list for PBXNativeTarget "CacaRadarWatchExtension" */;
			buildPhases = (
				862B7F05F76A60E28349CF3B /* Sources */,
				80B60C66E59E954A5F57D5A2 /* Frameworks */,
				EFC3484B53B45949DB03D5D0 /* Resources */,
			);
			buildRules = (
			);
			dependencies = (
			);
			name = CacaRadarWatchExtension;
			productName = CacaRadarWatchExtension;
			productReference = 8B288E948236DBD4B248629D /* CacaRadarWatchExtension.appex */;
			productType = "com.apple.product-type.watchkit2-extension";
		};
		F74C7CAB89B47668E6F96E7C /* CacaRadarWatch */ = {
			isa = PBXNativeTarget;
			buildConfigurationList = 974D294FF05F4C6A52E4EDE5 /* Build configuration list for PBXNativeTarget "CacaRadarWatch" */;
			buildPhases = (
				A8A84DBD2DB581AB37A75F05 /* Sources */,
				B36E96D8E4AD36F8E574477F /* Frameworks */,
				AD4F500B47B77880B5176A2A /* Resources */,
				A5E5EA40FA67EA75D14D275A /* Embed App Extensions */,
			);
			buildRules = (
			);
			dependencies = (
				7408925F8B6E7A6D2BD56955 /* PBXTargetDependency */,
			);
			name = CacaRadarWatch;
			productName = CacaRadarWatch;
			productReference = 88BDAFD8BA5D620DC4BF2992 /* CacaRadarWatch.app */;
			productType = "com.apple.product-type.application.watchapp2";
		};
/* End PBXNativeTarget section */

/* Begin PBXProject section */
		2FAD9757203C412B000D30F8 /* Project object */ = {
			isa = PBXProject;
			attributes = {
				BuildIndependentTargetsInParallel = 1;
				LastSwiftUpdateCheck = 1600;
				LastUpgradeCheck = 1600;
				TargetAttributes = {
					2FAD975E203C412B000D30F8 = {
						CreatedOnToolsVersion = 13.4;
					};
					AA11AA155788C6E18A49E791 = {
						CreatedOnToolsVersion = 16.0;
						DevelopmentTeam = Z3SH6Z4GL6;
						ProvisioningStyle = Automatic;
					};
					F74C7CAB89B47668E6F96E7C = {
						CreatedOnToolsVersion = 16.0;
						DevelopmentTeam = Z3SH6Z4GL6;
						ProvisioningStyle = Automatic;
					};
				};
			};
			buildConfigurationList = 2FAD975A203C412B000D30F8 /* Build configuration list for PBXProject "App" */;
			compatibilityVersion = "Xcode 14.0";
			developmentRegion = en;
			hasScannedForEncodings = 0;
			knownRegions = (
				en,
				Base,
			);
			mainGroup = 2FAD9756203C412B000D30F8;
			packageReferences = (
				CC0001202BBBBBBB00000020 /* XCLocalSwiftPackageReference "CapApp-SPM" */,
				CC0001212BBBBBBB00000021 /* XCRemoteSwiftPackageReference "capacitor-swift-pm" */,
			);
			productRefGroup = 2FAD9760203C412B000D30F8 /* Products */;
			projectDirPath = "";
			projectRoot = "";
			targets = (
				2FAD975E203C412B000D30F8 /* App */,
				F74C7CAB89B47668E6F96E7C /* CacaRadarWatch */,
				AA11AA155788C6E18A49E791 /* CacaRadarWatchExtension */,
			);
		};
/* End PBXProject section */

/* Begin PBXResourcesBuildPhase section */
		2FAD975D203C412B000D30F8 /* Resources */ = {
			isa = PBXResourcesBuildPhase;
			buildActionMask = 2147483647;
			files = (
				2FAD976E203C412C000D30F8 /* LaunchScreen.storyboard in Resources */,
				2FAD976B203C412C000D30F8 /* Assets.xcassets in Resources */,
				A084ECDB28D212A400BDFBA6 /* Main.storyboard in Resources */,
				CC0001142AAAAAAA00000004 /* public in Resources */,
				CC0001162AAAAAAA00000006 /* capacitor.config.json in Resources */,
				CC0001182AAAAAAA00000008 /* config.xml in Resources */,
			);
			runOnlyForDeploymentPostprocessing = 0;
		};
		AD4F500B47B77880B5176A2A /* Resources */ = {
			isa = PBXResourcesBuildPhase;
			buildActionMask = 2147483647;
			files = (
				231409F24DC770C91BF47BAC /* Assets.xcassets in Resources */,
				231409F34DC770C91BF47BAD /* long-look-44mm@2x.png in Resources */,
				231409DC4DC770C91BF47B96 /* AppIcon24x24@2x.png in Resources */,
				231409DE4DC770C91BF47B98 /* AppIcon27.5x27.5@2x.png in Resources */,
				231409E04DC770C91BF47B9A /* AppIcon29x29@2x.png in Resources */,
				231409E24DC770C91BF47B9C /* AppIcon29x29@3x.png in Resources */,
				231409E44DC770C91BF47B9E /* AppIcon40x40@2x.png in Resources */,
				231409E64DC770C91BF47BA0 /* AppIcon44x44@2x.png in Resources */,
				231409DA4DC770C91BF47B94 /* AppIcon50x50@2x.png in Resources */,
				231409E84DC770C91BF47BA2 /* AppIcon54x54@2x.png in Resources */,
				231409EA4DC770C91BF47BA4 /* AppIcon86x86@2x.png in Resources */,
				231409EC4DC770C91BF47BA6 /* AppIcon98x98@2x.png in Resources */,
				231409EE4DC770C91BF47BA8 /* AppIcon108x108@2x.png in Resources */,
				231409F04DC770C91BF47BAA /* AppIcon117x117@2x.png in Resources */,
			);
			runOnlyForDeploymentPostprocessing = 0;
		};
		EFC3484B53B45949DB03D5D0 /* Resources */ = {
			isa = PBXResourcesBuildPhase;
			buildActionMask = 2147483647;
			files = (
			);
			runOnlyForDeploymentPostprocessing = 0;
		};
/* End PBXResourcesBuildPhase section */

/* Begin PBXSourcesBuildPhase section */
		2FAD975B203C412B000D30F8 /* Sources */ = {
			isa = PBXSourcesBuildPhase;
			buildActionMask = 2147483647;
			files = (
				2FAD9763203C412B000D30F8 /* AppDelegate.swift in Sources */,
				2FAE0001203C412B000D30F8 /* AppViewController.swift in Sources */,
				B7C100012E00000100000001 /* WatchSessionCoordinator.swift in Sources */,
				CC0001112AAAAAAA00000001 /* SceneDelegate.swift in Sources */,
			);
			runOnlyForDeploymentPostprocessing = 0;
		};
		862B7F05F76A60E28349CF3B /* Sources */ = {
			isa = PBXSourcesBuildPhase;
			buildActionMask = 2147483647;
			files = (
				9319DEE89A4B12A4241B8D8E /* CacaRadarWatchApp.swift in Sources */,
				D467FC64D67A59DF22B8F3E7 /* ContentView.swift in Sources */,
				61CF6CDA44C28DA3C7D83B66 /* PhoneSessionBridge.swift in Sources */,
				6BEE10012F10000100000001 /* ExtensionDelegate.swift in Sources */,
			);
			runOnlyForDeploymentPostprocessing = 0;
		};
		A8A84DBD2DB581AB37A75F05 /* Sources */ = {
			isa = PBXSourcesBuildPhase;
			buildActionMask = 2147483647;
			files = (
			);
			runOnlyForDeploymentPostprocessing = 0;
		};
/* End PBXSourcesBuildPhase section */

/* Begin PBXTargetDependency section */
		34C623EE55C3D5D7FBE187E4 /* PBXTargetDependency */ = {
			isa = PBXTargetDependency;
			name = CacaRadarWatch;
			target = F74C7CAB89B47668E6F96E7C /* CacaRadarWatch */;
			targetProxy = 56B71492B0A8F2FC01153713 /* PBXContainerItemProxy */;
		};
		7408925F8B6E7A6D2BD56955 /* PBXTargetDependency */ = {
			isa = PBXTargetDependency;
			name = CacaRadarWatchExtension;
			target = AA11AA155788C6E18A49E791 /* CacaRadarWatchExtension */;
			targetProxy = AA6174DAA8D6138E2EBA735D /* PBXContainerItemProxy */;
		};
/* End PBXTargetDependency section */

/* Begin XCBuildConfiguration section */
		2FAD9771203C412C000D30F8 /* Debug */ = {
			isa = XCBuildConfiguration;
			buildSettings = {
				ALWAYS_SEARCH_USER_PATHS = NO;
				CLANG_ANALYZER_NONCE_ERROR = YES;
				CLANG_CXX_LANGUAGE_STANDARD = "gnu++17";
				CLANG_ENABLE_MODULES = YES;
				CLANG_ENABLE_OBJC_ARC = YES;
				CODE_SIGN_STYLE = Automatic;
				COPY_PHASE_STRIP = NO;
				DEBUG_INFORMATION_FORMAT = dwarf;
				ENABLE_STRICT_OBJC_MSGSEND = YES;
				ENABLE_TESTABILITY = YES;
				GCC_C_LANGUAGE_STANDARD = gnu11;
				GCC_DYNAMIC_NO_PIC = NO;
				GCC_NO_COMMON_BLOCKS = YES;
				GCC_OPTIMIZATION_LEVEL = 0;
				GCC_WARN_64_TO_32_BIT_CONVERSION = YES;
				GCC_WARN_ABOUT_RETURN_TYPE = YES_ERROR;
				GCC_WARN_UNINITIALIZED_AUTOS = YES_AGGRESSIVE;
				GCC_WARN_UNUSED_FUNCTION = YES;
				GCC_WARN_UNUSED_VARIABLE = YES;
				IPHONEOS_DEPLOYMENT_TARGET = 15.0;
				MTL_ENABLE_DEBUG_INFO = INCLUDE_SOURCE;
				MTL_FAST_MATH = YES;
				ONLY_ACTIVE_ARCH = YES;
				SDKROOT = iphoneos;
				SWIFT_ACTIVE_COMPILATION_CONDITIONS = DEBUG;
				SWIFT_OPTIMIZATION_LEVEL = "-Onone";
			};
			name = Debug;
		};
		2FAD9772203C412C000D30F8 /* Release */ = {
			isa = XCBuildConfiguration;
			buildSettings = {
				ALWAYS_SEARCH_USER_PATHS = NO;
				CLANG_ANALYZER_NONCE_ERROR = YES;
				CLANG_CXX_LANGUAGE_STANDARD = "gnu++17";
				CLANG_ENABLE_MODULES = YES;
				CLANG_ENABLE_OBJC_ARC = YES;
				CODE_SIGN_STYLE = Automatic;
				COPY_PHASE_STRIP = NO;
				DEBUG_INFORMATION_FORMAT = "dwarf-with-dsym";
				ENABLE_NS_ASSERTIONS = NO;
				ENABLE_STRICT_OBJC_MSGSEND = YES;
				GCC_C_LANGUAGE_STANDARD = gnu11;
				GCC_NO_COMMON_BLOCKS = YES;
				GCC_WARN_64_TO_32_BIT_CONVERSION = YES;
				GCC_WARN_ABOUT_RETURN_TYPE = YES_ERROR;
				GCC_WARN_UNINITIALIZED_AUTOS = YES_AGGRESSIVE;
				GCC_WARN_UNUSED_FUNCTION = YES;
				GCC_WARN_UNUSED_VARIABLE = YES;
				IPHONEOS_DEPLOYMENT_TARGET = 15.0;
				MTL_ENABLE_DEBUG_INFO = NO;
				MTL_FAST_MATH = YES;
				SDKROOT = iphoneos;
				SWIFT_COMPILATION_MODE = wholemodule;
				SWIFT_OPTIMIZATION_LEVEL = "-O";
				VALIDATE_PRODUCT = YES;
			};
			name = Release;
		};
		2FAD9774203C412C000D30F8 /* Debug */ = {
			isa = XCBuildConfiguration;
			buildSettings = {
				ASSETCATALOG_COMPILER_APPICON_NAME = AppIcon;
				CODE_SIGN_ENTITLEMENTS = App/App.entitlements;
					CURRENT_PROJECT_VERSION = 62;
				DEVELOPMENT_TEAM = Z3SH6Z4GL6;
				INFOPLIST_FILE = App/Info.plist;
				IPHONEOS_DEPLOYMENT_TARGET = 15.0;
				LD_RUNPATH_SEARCH_PATHS = (
					"$(inherited)",
					"@executable_path/Frameworks",
				);
					MARKETING_VERSION = 1.1.60;
				PRODUCT_BUNDLE_IDENTIFIER = com.jefe.cacaradar;
				PRODUCT_NAME = "$(TARGET_NAME)";
				SWIFT_VERSION = 5.0;
				TARGETED_DEVICE_FAMILY = "1,2";
			};
			name = Debug;
		};
		2FAD9775203C412C000D30F8 /* Release */ = {
			isa = XCBuildConfiguration;
			buildSettings = {
				ASSETCATALOG_COMPILER_APPICON_NAME = AppIcon;
				CODE_SIGN_ENTITLEMENTS = App/App.entitlements;
					CURRENT_PROJECT_VERSION = 62;
				DEVELOPMENT_TEAM = Z3SH6Z4GL6;
				INFOPLIST_FILE = App/Info.plist;
				IPHONEOS_DEPLOYMENT_TARGET = 15.0;
				LD_RUNPATH_SEARCH_PATHS = (
					"$(inherited)",
					"@executable_path/Frameworks",
				);
					MARKETING_VERSION = 1.1.60;
				PRODUCT_BUNDLE_IDENTIFIER = com.jefe.cacaradar;
				PRODUCT_NAME = "$(TARGET_NAME)";
				SWIFT_VERSION = 5.0;
				TARGETED_DEVICE_FAMILY = "1,2";
			};
			name = Release;
		};
		94C25E1700357AA305D8DBF1 /* Release */ = {
			isa = XCBuildConfiguration;
			buildSettings = {
				APPLICATION_EXTENSION_API_ONLY = YES;
				CODE_SIGN_STYLE = Automatic;
					CURRENT_PROJECT_VERSION = 62;
				DEVELOPMENT_TEAM = Z3SH6Z4GL6;
				GENERATE_INFOPLIST_FILE = NO;
				INFOPLIST_FILE = "../WatchCompanionApp/Extension-Info.plist";
				LD_RUNPATH_SEARCH_PATHS = (
					"$(inherited)",
					"@executable_path/Frameworks",
				);
					MARKETING_VERSION = 1.1.60;
				PRODUCT_BUNDLE_IDENTIFIER = com.jefe.cacaradar.watchkitapp.watchkitextension;
				PRODUCT_NAME = CacaRadarWatchExtension;
				SDKROOT = watchos;
				SKIP_INSTALL = YES;
				SUPPORTED_PLATFORMS = "watchos watchsimulator";
				SWIFT_VERSION = 5.0;
				TARGETED_DEVICE_FAMILY = 4;
				VALIDATE_PRODUCT = YES;
				WATCHOS_DEPLOYMENT_TARGET = 10.0;
			};
			name = Release;
		};
		BCDFA856EFE2DF43A6FF1A0F /* Release */ = {
			isa = XCBuildConfiguration;
			buildSettings = {
				ASSETCATALOG_COMPILER_APPICON_NAME = WatchAppIcon;
				CODE_SIGN_STYLE = Automatic;
					CURRENT_PROJECT_VERSION = 62;
				DEVELOPMENT_TEAM = Z3SH6Z4GL6;
				GENERATE_INFOPLIST_FILE = NO;
				INFOPLIST_FILE = ../WatchCompanionApp/Info.plist;
					MARKETING_VERSION = 1.1.60;
				PRODUCT_BUNDLE_IDENTIFIER = com.jefe.cacaradar.watchkitapp;
				PRODUCT_NAME = CacaRadarWatch;
				SDKROOT = watchos;
				SKIP_INSTALL = YES;
				SUPPORTED_PLATFORMS = "watchos watchsimulator";
				SWIFT_VERSION = 5.0;
				TARGETED_DEVICE_FAMILY = 4;
				VALIDATE_PRODUCT = YES;
				WATCHOS_DEPLOYMENT_TARGET = 10.0;
			};
			name = Release;
		};
		CC72492B8410B9E2DAEDF619 /* Debug */ = {
			isa = XCBuildConfiguration;
			buildSettings = {
				APPLICATION_EXTENSION_API_ONLY = YES;
				CODE_SIGN_STYLE = Automatic;
					CURRENT_PROJECT_VERSION = 62;
				DEVELOPMENT_TEAM = Z3SH6Z4GL6;
				GENERATE_INFOPLIST_FILE = NO;
				INFOPLIST_FILE = "../WatchCompanionApp/Extension-Info.plist";
				LD_RUNPATH_SEARCH_PATHS = (
					"$(inherited)",
					"@executable_path/Frameworks",
				);
					MARKETING_VERSION = 1.1.60;
				PRODUCT_BUNDLE_IDENTIFIER = com.jefe.cacaradar.watchkitapp.watchkitextension;
				PRODUCT_NAME = CacaRadarWatchExtension;
				SDKROOT = watchos;
				SKIP_INSTALL = YES;
				SUPPORTED_PLATFORMS = "watchos watchsimulator";
				SWIFT_VERSION = 5.0;
				TARGETED_DEVICE_FAMILY = 4;
				WATCHOS_DEPLOYMENT_TARGET = 10.0;
			};
			name = Debug;
		};
		FE3438D3F294C98AE8122503 /* Debug */ = {
			isa = XCBuildConfiguration;
			buildSettings = {
				ASSETCATALOG_COMPILER_APPICON_NAME = WatchAppIcon;
				CODE_SIGN_STYLE = Automatic;
					CURRENT_PROJECT_VERSION = 62;
				DEVELOPMENT_TEAM = Z3SH6Z4GL6;
				GENERATE_INFOPLIST_FILE = NO;
				INFOPLIST_FILE = ../WatchCompanionApp/Info.plist;
					MARKETING_VERSION = 1.1.60;
				PRODUCT_BUNDLE_IDENTIFIER = com.jefe.cacaradar.watchkitapp;
				PRODUCT_NAME = CacaRadarWatch;
				SDKROOT = watchos;
				SKIP_INSTALL = YES;
				SUPPORTED_PLATFORMS = "watchos watchsimulator";
				SWIFT_VERSION = 5.0;
				TARGETED_DEVICE_FAMILY = 4;
				WATCHOS_DEPLOYMENT_TARGET = 10.0;
			};
			name = Debug;
		};
/* End XCBuildConfiguration section */

/* Begin XCConfigurationList section */
		2FAD975A203C412B000D30F8 /* Build configuration list for PBXProject "App" */ = {
			isa = XCConfigurationList;
			buildConfigurations = (
				2FAD9771203C412C000D30F8 /* Debug */,
				2FAD9772203C412C000D30F8 /* Release */,
			);
			defaultConfigurationIsVisible = 0;
			defaultConfigurationName = Release;
		};
		2FAD9773203C412C000D30F8 /* Build configuration list for PBXNativeTarget "App" */ = {
			isa = XCConfigurationList;
			buildConfigurations = (
				2FAD9774203C412C000D30F8 /* Debug */,
				2FAD9775203C412C000D30F8 /* Release */,
			);
			defaultConfigurationIsVisible = 0;
			defaultConfigurationName = Release;
		};
		827025BD4967572047E5194F /* Build configuration list for PBXNativeTarget "CacaRadarWatchExtension" */ = {
			isa = XCConfigurationList;
			buildConfigurations = (
				94C25E1700357AA305D8DBF1 /* Release */,
				CC72492B8410B9E2DAEDF619 /* Debug */,
			);
			defaultConfigurationIsVisible = 0;
			defaultConfigurationName = Release;
		};
		974D294FF05F4C6A52E4EDE5 /* Build configuration list for PBXNativeTarget "CacaRadarWatch" */ = {
			isa = XCConfigurationList;
			buildConfigurations = (
				BCDFA856EFE2DF43A6FF1A0F /* Release */,
				FE3438D3F294C98AE8122503 /* Debug */,
			);
			defaultConfigurationIsVisible = 0;
			defaultConfigurationName = Release;
		};
/* End XCConfigurationList section */

/* Begin XCLocalSwiftPackageReference section */
		CC0001202BBBBBBB00000020 /* XCLocalSwiftPackageReference "CapApp-SPM" */ = {
			isa = XCLocalSwiftPackageReference;
			relativePath = "CapApp-SPM";
		};
/* End XCLocalSwiftPackageReference section */

/* Begin XCRemoteSwiftPackageReference section */
		CC0001212BBBBBBB00000021 /* XCRemoteSwiftPackageReference "capacitor-swift-pm" */ = {
			isa = XCRemoteSwiftPackageReference;
			repositoryURL = "https://github.com/ionic-team/capacitor-swift-pm";
			requirement = {
				kind = exactVersion;
				version = 8.3.1;
			};
		};
/* End XCRemoteSwiftPackageReference section */

/* Begin XCSwiftPackageProductDependency section */
		CC0001002BBBBBBB00000001 /* CapApp-SPM */ = {
			isa = XCSwiftPackageProductDependency;
			package = CC0001202BBBBBBB00000020 /* XCLocalSwiftPackageReference "CapApp-SPM" */;
			productName = "CapApp-SPM";
		};
		CC0001022BBBBBBB00000002 /* Capacitor */ = {
			isa = XCSwiftPackageProductDependency;
			package = CC0001212BBBBBBB00000021 /* XCRemoteSwiftPackageReference "capacitor-swift-pm" */;
			productName = Capacitor;
		};
		CC0001042BBBBBBB00000004 /* Cordova */ = {
			isa = XCSwiftPackageProductDependency;
			package = CC0001212BBBBBBB00000021 /* XCRemoteSwiftPackageReference "capacitor-swift-pm" */;
			productName = Cordova;
		};
/* End XCSwiftPackageProductDependency section */
	};
	rootObject = 2FAD9757203C412B000D30F8 /* Project object */;
}
